
Microsoft Visual Studio Solution File, Format Version 12.00
# Visual Studio Version 17
VisualStudioVersion = 17.4.33213.308
MinimumVisualStudioVersion = 10.0.40219.1
Project("{FAE04EC0-301F-11D3-BF4B-00C04F79EFBC}") = "mebel", "mebel.csproj", "{60A5D318-6D00-4D30-AE09-86784FEDD927}"
EndProject
Global
	GlobalSection(SolutionConfigurationPlatforms) = preSolution
		Debug|Any CPU = Debug|Any CPU
		Release|Any CPU = Release|Any CPU
	EndGlobalSection
	GlobalSection(ProjectConfigurationPlatforms) = postSolution
		{60A5D318-6D00-4D30-AE09-86784FEDD927}.Debug|Any CPU.ActiveCfg = Debug|Any CPU
		{60A5D318-6D00-4D30-AE09-86784FEDD927}.Debug|Any CPU.Build.0 = Debug|Any CPU
		{60A5D318-6D00-4D30-AE09-86784FEDD927}.Release|Any CPU.ActiveCfg = Release|Any CPU
		{60A5D318-6D00-4D30-AE09-86784FEDD927}.Release|Any CPU.Build.0 = Release|Any CPU
	EndGlobalSection
	GlobalSection(SolutionProperties) = preSolution
		HideSolutionNode = FALSE
	EndGlobalSection
	GlobalSection(ExtensibilityGlobals) = postSolution
		SolutionGuid = {2736C8C4-B902-4787-92A5-8B9CF17974DD}
	EndGlobalSection
EndGlobal
